# This file is autogenerated, do not edit; changes may be undone by the next 'dep ensure'.


[[projects]]
  digest = "1:7b5c6e2eeaa9ae5907c391a91c132abfd5c9e8a784a341b5625e750c67e6825d"
  name = "github.com/gorilla/websocket"
  packages = ["."]
  pruneopts = "UT"
  revision = "66b9c49e59c6c48f0ffce28c2d8b8a5678502c6d"
  version = "v1.4.0"

[[projects]]
  branch = "master"
  digest = "1:c0f4e25bdbb870ca7543d41658006bf062acb1ea5544821a92df1723bc5ec936"
  name = "github.com/qbeon/webwire-go"
  packages = [
    ".",
    "message",
    "payload",
    "requestManager",
  ]
  pruneopts = "UT"
  revision = "f99345781010a12e764dbe5c81497ee311b84fb8"

[[projects]]
  branch = "master"
  digest = "1:a23ce814a8da162045a74885dc972efd554d2bab0226dac03910078585c4cb18"
  name = "github.com/qbeon/webwire-go-client"
  packages = ["."]
  pruneopts = "UT"
  revision = "41b57e7df76a15ae15a328392f05579485e51f8e"

[[projects]]
  branch = "master"
  digest = "1:bafc6cd27dfeb3e30be98cf81752dc0165231469ceb1edd0714f5900b284a725"
  name = "github.com/qbeon/webwire-go-gorilla"
  packages = ["."]
  pruneopts = "UT"
  revision = "eab7d1d9bbbecb49165ed6deca6ea2819ada11f0"

[[projects]]
  branch = "master"
  digest = "1:75515eedc0dc2cb0b40372008b616fa2841d831c63eedd403285ff286c593295"
  name = "golang.org/x/sync"
  packages = ["semaphore"]
  pruneopts = "UT"
  revision = "37e7f081c4d4c64e13b10787722085407fe5d15f"

[solve-meta]
  analyzer-name = "dep"
  analyzer-version = 1
  input-imports = [
    "github.com/gorilla/websocket",
    "github.com/qbeon/webwire-go",
    "github.com/qbeon/webwire-go-client",
    "github.com/qbeon/webwire-go-gorilla",
  ]
  solver-name = "gps-cdcl"
  solver-version = 1
